
Microsoft Visual Studio Solution File, Format Version 12.00
# Visual Studio 15
Project("{FAE04EC0-301F-11D3-BF4B-00C04F79EFBC}") = "Assembly-CSharp", "Assembly-CSharp.csproj", "{AAC225F0-ACCE-8720-1047-646F48EF6FAE}"
EndProject
Project("{FAE04EC0-301F-11D3-BF4B-00C04F79EFBC}") = "Assembly-CSharp-Editor", "Assembly-CSharp-Editor.csproj", "{1F401F7D-947A-5528-7FB1-6F4535A0CF50}"
EndProject
Global
	GlobalSection(SolutionConfigurationPlatforms) = preSolution
		Debug|Any CPU = Debug|Any CPU
		Release|Any CPU = Release|Any CPU
	EndGlobalSection
	GlobalSection(ProjectConfigurationPlatforms) = postSolution
		{AAC225F0-ACCE-8720-1047-646F48EF6FAE}.Debug|Any CPU.ActiveCfg = Debug|Any CPU
		{AAC225F0-ACCE-8720-1047-646F48EF6FAE}.Debug|Any CPU.Build.0 = Debug|Any CPU
		{AAC225F0-ACCE-8720-1047-646F48EF6FAE}.Release|Any CPU.ActiveCfg = Release|Any CPU
		{AAC225F0-ACCE-8720-1047-646F48EF6FAE}.Release|Any CPU.Build.0 = Release|Any CPU
		{1F401F7D-947A-5528-7FB1-6F4535A0CF50}.Debug|Any CPU.ActiveCfg = Debug|Any CPU
		{1F401F7D-947A-5528-7FB1-6F4535A0CF50}.Debug|Any CPU.Build.0 = Debug|Any CPU
		{1F401F7D-947A-5528-7FB1-6F4535A0CF50}.Release|Any CPU.ActiveCfg = Release|Any CPU
		{1F401F7D-947A-5528-7FB1-6F4535A0CF50}.Release|Any CPU.Build.0 = Release|Any CPU
	EndGlobalSection
	GlobalSection(SolutionProperties) = preSolution
		HideSolutionNode = FALSE
	EndGlobalSection
EndGlobal
